
Microsoft Visual Studio Solution File, Format Version 12.00
# Visual Studio Version 18
VisualStudioVersion = 18.3.11304.161 d18.3
MinimumVisualStudioVersion = 10.0.40219.1
Project("{FAE04EC0-301F-11D3-BF4B-00C04F79EFBC}") = "MessageToolkit", "MessageToolkit.csproj", "{8B5C6248-CC19-B557-EFC3-D13BFEB30205}"
EndProject
Project("{FAE04EC0-301F-11D3-BF4B-00C04F79EFBC}") = "MessageToolkit.Tests", "..\..\tests\MessageToolkit.Tests\MessageToolkit.Tests.csproj", "{E08A3039-8A18-CAEF-7461-8E2BA279FF04}"
EndProject
Project("{FAE04EC0-301F-11D3-BF4B-00C04F79EFBC}") = "MobusTest", "..\..\sample\MobusTest\MobusTest.csproj", "{FAE06436-BD1B-F3EE-5FF8-7D58A3442E3D}"
EndProject
Global
	GlobalSection(SolutionConfigurationPlatforms) = preSolution
		Debug|Any CPU = Debug|Any CPU
		Release|Any CPU = Release|Any CPU
	EndGlobalSection
	GlobalSection(ProjectConfigurationPlatforms) = postSolution
		{8B5C6248-CC19-B557-EFC3-D13BFEB30205}.Debug|Any CPU.ActiveCfg = Debug|Any CPU
		{8B5C6248-CC19-B557-EFC3-D13BFEB30205}.Debug|Any CPU.Build.0 = Debug|Any CPU
		{8B5C6248-CC19-B557-EFC3-D13BFEB30205}.Release|Any CPU.ActiveCfg = Release|Any CPU
		{8B5C6248-CC19-B557-EFC3-D13BFEB30205}.Release|Any CPU.Build.0 = Release|Any CPU
		{E08A3039-8A18-CAEF-7461-8E2BA279FF04}.Debug|Any CPU.ActiveCfg = Debug|Any CPU
		{E08A3039-8A18-CAEF-7461-8E2BA279FF04}.Debug|Any CPU.Build.0 = Debug|Any CPU
		{E08A3039-8A18-CAEF-7461-8E2BA279FF04}.Release|Any CPU.ActiveCfg = Release|Any CPU
		{E08A3039-8A18-CAEF-7461-8E2BA279FF04}.Release|Any CPU.Build.0 = Release|Any CPU
		{FAE06436-BD1B-F3EE-5FF8-7D58A3442E3D}.Debug|Any CPU.ActiveCfg = Debug|Any CPU
		{FAE06436-BD1B-F3EE-5FF8-7D58A3442E3D}.Debug|Any CPU.Build.0 = Debug|Any CPU
		{FAE06436-BD1B-F3EE-5FF8-7D58A3442E3D}.Release|Any CPU.ActiveCfg = Release|Any CPU
		{FAE06436-BD1B-F3EE-5FF8-7D58A3442E3D}.Release|Any CPU.Build.0 = Release|Any CPU
	EndGlobalSection
	GlobalSection(SolutionProperties) = preSolution
		HideSolutionNode = FALSE
	EndGlobalSection
	GlobalSection(ExtensibilityGlobals) = postSolution
		SolutionGuid = {FF8C83DE-BC09-405D-B8EF-DE88016070D5}
	EndGlobalSection
EndGlobal
